// !$*UTF8*$!
{
	archiveVersion = 1;
	classes = {
	};
	objectVersion = 50;
	objects = {

/* Begin PBXBuildFile section */
		1C7587E121183BFF00E16000 /* CategoryViewController.swift in Sources */ = {isa = PBXBuildFile; fileRef = 1C7587E021183BFE00E16000 /* CategoryViewController.swift */; };
		1C7587E521198F6000E16000 /* Item.swift in Sources */ = {isa = PBXBuildFile; fileRef = 1C7587E421198F6000E16000 /* Item.swift */; };
		1C7587E721198FBF00E16000 /* Category.swift in Sources */ = {isa = PBXBuildFile; fileRef = 1C7587E621198FBF00E16000 /* Category.swift */; };
		1CC5EAE32122BA0D00932CD9 /* SwipeTableViewController.swift in Sources */ = {isa = PBXBuildFile; fileRef = 1CC5EAE22122BA0D00932CD9 /* SwipeTableViewController.swift */; };
		1CFE439D20FDCD8100D9A48A /* AppDelegate.swift in Sources */ = {isa = PBXBuildFile; fileRef = 1CFE439C20FDCD8100D9A48A /* AppDelegate.swift */; };
		1CFE439F20FDCD8100D9A48A /* TodoListViewController.swift in Sources */ = {isa = PBXBuildFile; fileRef = 1CFE439E20FDCD8100D9A48A /* TodoListViewController.swift */; };
		1CFE43A220FDCD8100D9A48A /* Main.storyboard in Resources */ = {isa = PBXBuildFile; fileRef = 1CFE43A020FDCD8100D9A48A /* Main.storyboard */; };
		1CFE43A420FDCD8200D9A48A /* Assets.xcassets in Resources */ = {isa = PBXBuildFile; fileRef = 1CFE43A320FDCD8200D9A48A /* Assets.xcassets */; };
		1CFE43A720FDCD8200D9A48A /* LaunchScreen.storyboard in Resources */ = {isa = PBXBuildFile; fileRef = 1CFE43A520FDCD8200D9A48A /* LaunchScreen.storyboard */; };
		1CFE43B4210087C000D9A48A /* TodoListTableViewCell.swift in Sources */ = {isa = PBXBuildFile; fileRef = 1CFE43B2210087C000D9A48A /* TodoListTableViewCell.swift */; };
		1CFE43B5210087C000D9A48A /* TodoListTableViewCell.xib in Resources */ = {isa = PBXBuildFile; fileRef = 1CFE43B3210087C000D9A48A /* TodoListTableViewCell.xib */; };
		F51E857091C6FD48A1651DCA /* Pods_Nota.framework in Frameworks */ = {isa = PBXBuildFile; fileRef = 404608C22551B21DC2DFC14E /* Pods_Nota.framework */; };
/* End PBXBuildFile section */

/* Begin PBXFileReference section */
		1C162D4C211C4285008BBBEC /* MyPlaygroundDate.playground */ = {isa = PBXFileReference; lastKnownFileType = file.playground; name = MyPlaygroundDate.playground; path = ../../../MyPlaygroundDate.playground; sourceTree = "<group>"; xcLanguageSpecificationIdentifier = xcode.lang.swift; };
		1C7587E021183BFE00E16000 /* CategoryViewController.swift */ = {isa = PBXFileReference; lastKnownFileType = sourcecode.swift; path = CategoryViewController.swift; sourceTree = "<group>"; };
		1C7587E421198F6000E16000 /* Item.swift */ = {isa = PBXFileReference; lastKnownFileType = sourcecode.swift; path = Item.swift; sourceTree = "<group>"; };
		1C7587E621198FBF00E16000 /* Category.swift */ = {isa = PBXFileReference; lastKnownFileType = sourcecode.swift; path = Category.swift; sourceTree = "<group>"; };
		1CC5EAE22122BA0D00932CD9 /* SwipeTableViewController.swift */ = {isa = PBXFileReference; lastKnownFileType = sourcecode.swift; path = SwipeTableViewController.swift; sourceTree = "<group>"; };
		1CFE439920FDCD8100D9A48A /* Nota.app */ = {isa = PBXFileReference; explicitFileType = wrapper.application; includeInIndex = 0; path = Nota.app; sourceTree = BUILT_PRODUCTS_DIR; };
		1CFE439C20FDCD8100D9A48A /* AppDelegate.swift */ = {isa = PBXFileReference; lastKnownFileType = sourcecode.swift; path = AppDelegate.swift; sourceTree = "<group>"; };
		1CFE439E20FDCD8100D9A48A /* TodoListViewController.swift */ = {isa = PBXFileReference; lastKnownFileType = sourcecode.swift; path = TodoListViewController.swift; sourceTree = "<group>"; };
		1CFE43A120FDCD8100D9A48A /* Base */ = {isa = PBXFileReference; lastKnownFileType = file.storyboard; name = Base; path = Base.lproj/Main.storyboard; sourceTree = "<group>"; };
		1CFE43A320FDCD8200D9A48A /* Assets.xcassets */ = {isa = PBXFileReference; lastKnownFileType = folder.assetcatalog; path = Assets.xcassets; sourceTree = "<group>"; };
		1CFE43A620FDCD8200D9A48A /* Base */ = {isa = PBXFileReference; lastKnownFileType = file.storyboard; name = Base; path = Base.lproj/LaunchScreen.storyboard; sourceTree = "<group>"; };
		1CFE43A820FDCD8200D9A48A /* Info.plist */ = {isa = PBXFileReference; lastKnownFileType = text.plist.xml; path = Info.plist; sourceTree = "<group>"; };
		1CFE43B2210087C000D9A48A /* TodoListTableViewCell.swift */ = {isa = PBXFileReference; lastKnownFileType = sourcecode.swift; path = TodoListTableViewCell.swift; sourceTree = "<group>"; };
		1CFE43B3210087C000D9A48A /* TodoListTableViewCell.xib */ = {isa = PBXFileReference; lastKnownFileType = file.xib; path = TodoListTableViewCell.xib; sourceTree = "<group>"; };
		404608C22551B21DC2DFC14E /* Pods_Nota.framework */ = {isa = PBXFileReference; explicitFileType = wrapper.framework; includeInIndex = 0; path = Pods_Nota.framework; sourceTree = BUILT_PRODUCTS_DIR; };
		9CEF92393B03BF0B2EB51092 /* Pods-Nota.debug.xcconfig */ = {isa = PBXFileReference; includeInIndex = 1; lastKnownFileType = text.xcconfig; name = "Pods-Nota.debug.xcconfig"; path = "Pods/Target Support Files/Pods-Nota/Pods-Nota.debug.xcconfig"; sourceTree = "<group>"; };
		FA7E4AF235E9545D59C138FC /* Pods-Nota.release.xcconfig */ = {isa = PBXFileReference; includeInIndex = 1; lastKnownFileType = text.xcconfig; name = "Pods-Nota.release.xcconfig"; path = "Pods/Target Support Files/Pods-Nota/Pods-Nota.release.xcconfig"; sourceTree = "<group>"; };
/* End PBXFileReference section */

/* Begin PBXFrameworksBuildPhase section */
		1CFE439620FDCD8100D9A48A /* Frameworks */ = {
			isa = PBXFrameworksBuildPhase;
			buildActionMask = 2147483647;
			files = (
				F51E857091C6FD48A1651DCA /* Pods_Nota.framework in Frameworks */,
			);
			runOnlyForDeploymentPostprocessing = 0;
		};
/* End PBXFrameworksBuildPhase section */

/* Begin PBXGroup section */
		1C7587DA210B3F0E00E16000 /* Supporting Files */ = {
			isa = PBXGroup;
			children = (
				1CFE43A520FDCD8200D9A48A /* LaunchScreen.storyboard */,
				1CFE43A320FDCD8200D9A48A /* Assets.xcassets */,
			);
			path = "Supporting Files";
			sourceTree = "<group>";
		};
		1CFE439020FDCD8000D9A48A = {
			isa = PBXGroup;
			children = (
				1CFE439B20FDCD8100D9A48A /* Nota */,
				1CFE439A20FDCD8100D9A48A /* Products */,
				B2336582D68B98DC8C8ABDFA /* Pods */,
				5FC77A5D677EB147471417B1 /* Frameworks */,
			);
			sourceTree = "<group>";
		};
		1CFE439A20FDCD8100D9A48A /* Products */ = {
			isa = PBXGroup;
			children = (
				1CFE439920FDCD8100D9A48A /* Nota.app */,
			);
			name = Products;
			sourceTree = "<group>";
		};
		1CFE439B20FDCD8100D9A48A /* Nota */ = {
			isa = PBXGroup;
			children = (
				1CFE43A820FDCD8200D9A48A /* Info.plist */,
				1CFE439C20FDCD8100D9A48A /* AppDelegate.swift */,
				1CFE43B02100767C00D9A48A /* Controller */,
				1C7587DA210B3F0E00E16000 /* Supporting Files */,
				1CFE43AE2100766000D9A48A /* Data Model */,
				1CFE43AF2100766700D9A48A /* Views */,
			);
			path = Nota;
			sourceTree = "<group>";
		};
		1CFE43AE2100766000D9A48A /* Data Model */ = {
			isa = PBXGroup;
			children = (
				1C7587E421198F6000E16000 /* Item.swift */,
				1C162D4C211C4285008BBBEC /* MyPlaygroundDate.playground */,
				1C7587E621198FBF00E16000 /* Category.swift */,
			);
			path = "Data Model";
			sourceTree = "<group>";
		};
		1CFE43AF2100766700D9A48A /* Views */ = {
			isa = PBXGroup;
			children = (
				1CFE43A020FDCD8100D9A48A /* Main.storyboard */,
				1CFE43B12100771200D9A48A /* Custom Cell */,
			);
			path = Views;
			sourceTree = "<group>";
		};
		1CFE43B02100767C00D9A48A /* Controller */ = {
			isa = PBXGroup;
			children = (
				1C7587E021183BFE00E16000 /* CategoryViewController.swift */,
				1CFE439E20FDCD8100D9A48A /* TodoListViewController.swift */,
				1CC5EAE22122BA0D00932CD9 /* SwipeTableViewController.swift */,
			);
			path = Controller;
			sourceTree = "<group>";
		};
		1CFE43B12100771200D9A48A /* Custom Cell */ = {
			isa = PBXGroup;
			children = (
				1CFE43B2210087C000D9A48A /* TodoListTableViewCell.swift */,
				1CFE43B3210087C000D9A48A /* TodoListTableViewCell.xib */,
			);
			path = "Custom Cell";
			sourceTree = "<group>";
		};
		5FC77A5D677EB147471417B1 /* Frameworks */ = {
			isa = PBXGroup;
			children = (
				404608C22551B21DC2DFC14E /* Pods_Nota.framework */,
			);
			name = Frameworks;
			sourceTree = "<group>";
		};
		B2336582D68B98DC8C8ABDFA /* Pods */ = {
			isa = PBXGroup;
			children = (
				9CEF92393B03BF0B2EB51092 /* Pods-Nota.debug.xcconfig */,
				FA7E4AF235E9545D59C138FC /* Pods-Nota.release.xcconfig */,
			);
			name = Pods;
			sourceTree = "<group>";
		};
/* End PBXGroup section */

/* Begin PBXNativeTarget section */
		1CFE439820FDCD8100D9A48A /* Nota */ = {
			isa = PBXNativeTarget;
			buildConfigurationList = 1CFE43AB20FDCD8200D9A48A /* Build configuration list for PBXNativeTarget "Nota" */;
			buildPhases = (
				7B47331603498F22BE7ED586 /* [CP] Check Pods Manifest.lock */,
				1CFE439520FDCD8100D9A48A /* Sources */,
				1CFE439620FDCD8100D9A48A /* Frameworks */,
				1CFE439720FDCD8100D9A48A /* Resources */,
				0592DBAF2E2303E238E0A199 /* [CP] Embed Pods Frameworks */,
			);
			buildRules = (
			);
			dependencies = (
			);
			name = Nota;
			productName = Nota;
			productReference = 1CFE439920FDCD8100D9A48A /* Nota.app */;
			productType = "com.apple.product-type.application";
		};
/* End PBXNativeTarget section */

/* Begin PBXProject section */
		1CFE439120FDCD8000D9A48A /* Project object */ = {
			isa = PBXProject;
			attributes = {
				LastSwiftUpdateCheck = 0940;
				LastUpgradeCheck = 0940;
				ORGANIZATIONNAME = "Matej Kolimar";
				TargetAttributes = {
					1CFE439820FDCD8100D9A48A = {
						CreatedOnToolsVersion = 9.4.1;
					};
				};
			};
			buildConfigurationList = 1CFE439420FDCD8000D9A48A /* Build configuration list for PBXProject "Nota" */;
			compatibilityVersion = "Xcode 9.3";
			developmentRegion = en;
			hasScannedForEncodings = 0;
			knownRegions = (
				en,
				Base,
			);
			mainGroup = 1CFE439020FDCD8000D9A48A;
			productRefGroup = 1CFE439A20FDCD8100D9A48A /* Products */;
			projectDirPath = "";
			projectRoot = "";
			targets = (
				1CFE439820FDCD8100D9A48A /* Nota */,
			);
		};
/* End PBXProject section */

/* Begin PBXResourcesBuildPhase section */
		1CFE439720FDCD8100D9A48A /* Resources */ = {
			isa = PBXResourcesBuildPhase;
			buildActionMask = 2147483647;
			files = (
				1CFE43A720FDCD8200D9A48A /* LaunchScreen.storyboard in Resources */,
				1CFE43A420FDCD8200D9A48A /* Assets.xcassets in Resources */,
				1CFE43A220FDCD8100D9A48A /* Main.storyboard in Resources */,
				1CFE43B5210087C000D9A48A /* TodoListTableViewCell.xib in Resources */,
			);
			runOnlyForDeploymentPostprocessing = 0;
		};
/* End PBXResourcesBuildPhase section */

/* Begin PBXShellScriptBuildPhase section */
		0592DBAF2E2303E238E0A199 /* [CP] Embed Pods Frameworks */ = {
			isa = PBXShellScriptBuildPhase;
			buildActionMask = 2147483647;
			files = (
			);
			inputPaths = (
				"${SRCROOT}/Pods/Target Support Files/Pods-Nota/Pods-Nota-frameworks.sh",
				"${BUILT_PRODUCTS_DIR}/ChameleonFramework/ChameleonFramework.framework",
				"${BUILT_PRODUCTS_DIR}/Realm/Realm.framework",
				"${BUILT_PRODUCTS_DIR}/RealmSwift/RealmSwift.framework",
				"${BUILT_PRODUCTS_DIR}/SwipeCellKit/SwipeCellKit.framework",
			);
			name = "[CP] Embed Pods Frameworks";
			outputPaths = (
				"${TARGET_BUILD_DIR}/${FRAMEWORKS_FOLDER_PATH}/ChameleonFramework.framework",
				"${TARGET_BUILD_DIR}/${FRAMEWORKS_FOLDER_PATH}/Realm.framework",
				"${TARGET_BUILD_DIR}/${FRAMEWORKS_FOLDER_PATH}/RealmSwift.framework",
				"${TARGET_BUILD_DIR}/${FRAMEWORKS_FOLDER_PATH}/SwipeCellKit.framework",
			);
			runOnlyForDeploymentPostprocessing = 0;
			shellPath = /bin/sh;
			shellScript = "\"${SRCROOT}/Pods/Target Support Files/Pods-Nota/Pods-Nota-frameworks.sh\"\n";
			showEnvVarsInLog = 0;
		};
		7B47331603498F22BE7ED586 /* [CP] Check Pods Manifest.lock */ = {
			isa = PBXShellScriptBuildPhase;
			buildActionMask = 2147483647;
			files = (
			);
			inputPaths = (
				"${PODS_PODFILE_DIR_PATH}/Podfile.lock",
				"${PODS_ROOT}/Manifest.lock",
			);
			name = "[CP] Check Pods Manifest.lock";
			outputPaths = (
				"$(DERIVED_FILE_DIR)/Pods-Nota-checkManifestLockResult.txt",
			);
			runOnlyForDeploymentPostprocessing = 0;
			shellPath = /bin/sh;
			shellScript = "diff \"${PODS_PODFILE_DIR_PATH}/Podfile.lock\" \"${PODS_ROOT}/Manifest.lock\" > /dev/null\nif [ $? != 0 ] ; then\n    # print error to STDERR\n    echo \"error: The sandbox is not in sync with the Podfile.lock. Run 'pod install' or update your CocoaPods installation.\" >&2\n    exit 1\nfi\n# This output is used by Xcode 'outputs' to avoid re-running this script phase.\necho \"SUCCESS\" > \"${SCRIPT_OUTPUT_FILE_0}\"\n";
			showEnvVarsInLog = 0;
		};
/* End PBXShellScriptBuildPhase section */

/* Begin PBXSourcesBuildPhase section */
		1CFE439520FDCD8100D9A48A /* Sources */ = {
			isa = PBXSourcesBuildPhase;
			buildActionMask = 2147483647;
			files = (
				1C7587E121183BFF00E16000 /* CategoryViewController.swift in Sources */,
				1CFE439F20FDCD8100D9A48A /* TodoListViewController.swift in Sources */,
				1CFE439D20FDCD8100D9A48A /* AppDelegate.swift in Sources */,
				1CC5EAE32122BA0D00932CD9 /* SwipeTableViewController.swift in Sources */,
				1C7587E521198F6000E16000 /* Item.swift in Sources */,
				1CFE43B4210087C000D9A48A /* TodoListTableViewCell.swift in Sources */,
				1C7587E721198FBF00E16000 /* Category.swift in Sources */,
			);
			runOnlyForDeploymentPostprocessing = 0;
		};
/* End PBXSourcesBuildPhase section */

/* Begin PBXVariantGroup section */
		1CFE43A020FDCD8100D9A48A /* Main.storyboard */ = {
			isa = PBXVariantGroup;
			children = (
				1CFE43A120FDCD8100D9A48A /* Base */,
			);
			name = Main.storyboard;
			sourceTree = "<group>";
		};
		1CFE43A520FDCD8200D9A48A /* LaunchScreen.storyboard */ = {
			isa = PBXVariantGroup;
			children = (
				1CFE43A620FDCD8200D9A48A /* Base */,
			);
			name = LaunchScreen.storyboard;
			sourceTree = "<group>";
		};
/* End PBXVariantGroup section */

/* Begin XCBuildConfiguration section */
		1CFE43A920FDCD8200D9A48A /* Debug */ = {
			isa = XCBuildConfiguration;
			buildSettings = {
				ALWAYS_SEARCH_USER_PATHS = NO;
				CLANG_ANALYZER_NONNULL = YES;
				CLANG_ANALYZER_NUMBER_OBJECT_CONVERSION = YES_AGGRESSIVE;
				CLANG_CXX_LANGUAGE_STANDARD = "gnu++14";
				CLANG_CXX_LIBRARY = "libc++";
				CLANG_ENABLE_MODULES = YES;
				CLANG_ENABLE_OBJC_ARC = YES;
				CLANG_ENABLE_OBJC_WEAK = YES;
				CLANG_WARN_BLOCK_CAPTURE_AUTORELEASING = YES;
				CLANG_WARN_BOOL_CONVERSION = YES;
				CLANG_WARN_COMMA = YES;
				CLANG_WARN_CONSTANT_CONVERSION = YES;
				CLANG_WARN_DEPRECATED_OBJC_IMPLEMENTATIONS = YES;
				CLANG_WARN_DIRECT_OBJC_ISA_USAGE = YES_ERROR;
				CLANG_WARN_DOCUMENTATION_COMMENTS = YES;
				CLANG_WARN_EMPTY_BODY = YES;
				CLANG_WARN_ENUM_CONVERSION = YES;
				CLANG_WARN_INFINITE_RECURSION = YES;
				CLANG_WARN_INT_CONVERSION = YES;
				CLANG_WARN_NON_LITERAL_NULL_CONVERSION = YES;
				CLANG_WARN_OBJC_IMPLICIT_RETAIN_SELF = YES;
				CLANG_WARN_OBJC_LITERAL_CONVERSION = YES;
				CLANG_WARN_OBJC_ROOT_CLASS = YES_ERROR;
				CLANG_WARN_RANGE_LOOP_ANALYSIS = YES;
				CLANG_WARN_STRICT_PROTOTYPES = YES;
				CLANG_WARN_SUSPICIOUS_MOVE = YES;
				CLANG_WARN_UNGUARDED_AVAILABILITY = YES_AGGRESSIVE;
				CLANG_WARN_UNREACHABLE_CODE = YES;
				CLANG_WARN__DUPLICATE_METHOD_MATCH = YES;
				CODE_SIGN_IDENTITY = "iPhone Developer";
				COPY_PHASE_STRIP = NO;
				DEBUG_INFORMATION_FORMAT = dwarf;
				ENABLE_STRICT_OBJC_MSGSEND = YES;
				ENABLE_TESTABILITY = YES;
				GCC_C_LANGUAGE_STANDARD = gnu11;
				GCC_DYNAMIC_NO_PIC = NO;
				GCC_NO_COMMON_BLOCKS = YES;
				GCC_OPTIMIZATION_LEVEL = 0;
				GCC_PREPROCESSOR_DEFINITIONS = (
					"DEBUG=1",
					"$(inherited)",
				);
				GCC_WARN_64_TO_32_BIT_CONVERSION = YES;
				GCC_WARN_ABOUT_RETURN_TYPE = YES_ERROR;
				GCC_WARN_UNDECLARED_SELECTOR = YES;
				GCC_WARN_UNINITIALIZED_AUTOS = YES_AGGRESSIVE;
				GCC_WARN_UNUSED_FUNCTION = YES;
				GCC_WARN_UNUSED_VARIABLE = YES;
				IPHONEOS_DEPLOYMENT_TARGET = 11.4;
				MTL_ENABLE_DEBUG_INFO = YES;
				ONLY_ACTIVE_ARCH = YES;
				SDKROOT = iphoneos;
				SWIFT_ACTIVE_COMPILATION_CONDITIONS = DEBUG;
				SWIFT_OBJC_INTERFACE_HEADER_NAME = "$(PROJECT_NAME)-Swift.h";
				SWIFT_OPTIMIZATION_LEVEL = "-Onone";
			};
			name = Debug;
		};
		1CFE43AA20FDCD8200D9A48A /* Release */ = {
			isa = XCBuildConfiguration;
			buildSettings = {
				ALWAYS_SEARCH_USER_PATHS = NO;
				CLANG_ANALYZER_NONNULL = YES;
				CLANG_ANALYZER_NUMBER_OBJECT_CONVERSION = YES_AGGRESSIVE;
				CLANG_CXX_LANGUAGE_STANDARD = "gnu++14";
				CLANG_CXX_LIBRARY = "libc++";
				CLANG_ENABLE_MODULES = YES;
				CLANG_ENABLE_OBJC_ARC = YES;
				CLANG_ENABLE_OBJC_WEAK = YES;
				CLANG_WARN_BLOCK_CAPTURE_AUTORELEASING = YES;
				CLANG_WARN_BOOL_CONVERSION = YES;
				CLANG_WARN_COMMA = YES;
				CLANG_WARN_CONSTANT_CONVERSION = YES;
				CLANG_WARN_DEPRECATED_OBJC_IMPLEMENTATIONS = YES;
				CLANG_WARN_DIRECT_OBJC_ISA_USAGE = YES_ERROR;
				CLANG_WARN_DOCUMENTATION_COMMENTS = YES;
				CLANG_WARN_EMPTY_BODY = YES;
				CLANG_WARN_ENUM_CONVERSION = YES;
				CLANG_WARN_INFINITE_RECURSION = YES;
				CLANG_WARN_INT_CONVERSION = YES;
				CLANG_WARN_NON_LITERAL_NULL_CONVERSION = YES;
				CLANG_WARN_OBJC_IMPLICIT_RETAIN_SELF = YES;
				CLANG_WARN_OBJC_LITERAL_CONVERSION = YES;
				CLANG_WARN_OBJC_ROOT_CLASS = YES_ERROR;
				CLANG_WARN_RANGE_LOOP_ANALYSIS = YES;
				CLANG_WARN_STRICT_PROTOTYPES = YES;
				CLANG_WARN_SUSPICIOUS_MOVE = YES;
				CLANG_WARN_UNGUARDED_AVAILABILITY = YES_AGGRESSIVE;
				CLANG_WARN_UNREACHABLE_CODE = YES;
				CLANG_WARN__DUPLICATE_METHOD_MATCH = YES;
				CODE_SIGN_IDENTITY = "iPhone Developer";
				COPY_PHASE_STRIP = NO;
				DEBUG_INFORMATION_FORMAT = "dwarf-with-dsym";
				ENABLE_NS_ASSERTIONS = NO;
				ENABLE_STRICT_OBJC_MSGSEND = YES;
				GCC_C_LANGUAGE_STANDARD = gnu11;
				GCC_NO_COMMON_BLOCKS = YES;
				GCC_WARN_64_TO_32_BIT_CONVERSION = YES;
				GCC_WARN_ABOUT_RETURN_TYPE = YES_ERROR;
				GCC_WARN_UNDECLARED_SELECTOR = YES;
				GCC_WARN_UNINITIALIZED_AUTOS = YES_AGGRESSIVE;
				GCC_WARN_UNUSED_FUNCTION = YES;
				GCC_WARN_UNUSED_VARIABLE = YES;
				IPHONEOS_DEPLOYMENT_TARGET = 11.4;
				MTL_ENABLE_DEBUG_INFO = NO;
				SDKROOT = iphoneos;
				SWIFT_COMPILATION_MODE = wholemodule;
				SWIFT_OBJC_INTERFACE_HEADER_NAME = "$(PROJECT_NAME)-Swift.h";
				SWIFT_OPTIMIZATION_LEVEL = "-O";
				VALIDATE_PRODUCT = YES;
			};
			name = Release;
		};
		1CFE43AC20FDCD8200D9A48A /* Debug */ = {
			isa = XCBuildConfiguration;
			baseConfigurationReference = 9CEF92393B03BF0B2EB51092 /* Pods-Nota.debug.xcconfig */;
			buildSettings = {
				ASSETCATALOG_COMPILER_APPICON_NAME = AppIcon;
				CODE_SIGN_STYLE = Automatic;
				DEVELOPMENT_TEAM = 54H4Q2P2X4;
				INFOPLIST_FILE = Nota/Info.plist;
				LD_RUNPATH_SEARCH_PATHS = (
					"$(inherited)",
					"@executable_path/Frameworks",
				);
				PRODUCT_BUNDLE_IDENTIFIER = com.inloopx.Nota;
				PRODUCT_NAME = "$(TARGET_NAME)";
				SWIFT_OBJC_INTERFACE_HEADER_NAME = "$(PROJECT_NAME)-Swift.h";
				SWIFT_VERSION = 4.0;
				TARGETED_DEVICE_FAMILY = "1,2";
			};
			name = Debug;
		};
		1CFE43AD20FDCD8200D9A48A /* Release */ = {
			isa = XCBuildConfiguration;
			baseConfigurationReference = FA7E4AF235E9545D59C138FC /* Pods-Nota.release.xcconfig */;
			buildSettings = {
				ASSETCATALOG_COMPILER_APPICON_NAME = AppIcon;
				CODE_SIGN_STYLE = Automatic;
				DEVELOPMENT_TEAM = 54H4Q2P2X4;
				INFOPLIST_FILE = Nota/Info.plist;
				LD_RUNPATH_SEARCH_PATHS = (
					"$(inherited)",
					"@executable_path/Frameworks",
				);
				PRODUCT_BUNDLE_IDENTIFIER = com.inloopx.Nota;
				PRODUCT_NAME = "$(TARGET_NAME)";
				SWIFT_OBJC_INTERFACE_HEADER_NAME = "$(PROJECT_NAME)-Swift.h";
				SWIFT_VERSION = 4.0;
				TARGETED_DEVICE_FAMILY = "1,2";
			};
			name = Release;
		};
/* End XCBuildConfiguration section */

/* Begin XCConfigurationList section */
		1CFE439420FDCD8000D9A48A /* Build configuration list for PBXProject "Nota" */ = {
			isa = XCConfigurationList;
			buildConfigurations = (
				1CFE43A920FDCD8200D9A48A /* Debug */,
				1CFE43AA20FDCD8200D9A48A /* Release */,
			);
			defaultConfigurationIsVisible = 0;
			defaultConfigurationName = Release;
		};
		1CFE43AB20FDCD8200D9A48A /* Build configuration list for PBXNativeTarget "Nota" */ = {
			isa = XCConfigurationList;
			buildConfigurations = (
				1CFE43AC20FDCD8200D9A48A /* Debug */,
				1CFE43AD20FDCD8200D9A48A /* Release */,
			);
			defaultConfigurationIsVisible = 0;
			defaultConfigurationName = Release;
		};
/* End XCConfigurationList section */
	};
	rootObject = 1CFE439120FDCD8000D9A48A /* Project object */;
}
